dependencies:
- name: redis
  repository: oci://registry-1.docker.io/bitnamicharts
  version: 17.17.1
- name: mongodb
  repository: oci://registry-1.docker.io/bitnamicharts
  version: 13.18.5
- name: common
  repository: oci://registry-1.docker.io/bitnamicharts
  version: 2.31.3
- name: localstack
  repository: https://localstack.github.io/helm-charts
  version: 0.4.3
digest: sha256:2fdfbb33532b78f137c983c315a6faf69fe31736fee53852d4e4ded72dc1b3ab
generated: "2025-06-24T18:18:28.223959125+03:00"
